
Microsoft Visual Studio Solution File, Format Version 12.00
# Visual Studio Version 17
VisualStudioVersion = 17.7.34031.279
MinimumVisualStudioVersion = 10.0.40219.1
Project("{FAE04EC0-301F-11D3-BF4B-00C04F79EFBC}") = "multiple_charts", "multiple_charts\multiple_charts.csproj", "{66240BBA-ABC7-4D69-9346-A20740951502}"
EndProject
Global
	GlobalSection(SolutionConfigurationPlatforms) = preSolution
		Debug|Any CPU = Debug|Any CPU
		Release|Any CPU = Release|Any CPU
	EndGlobalSection
	GlobalSection(ProjectConfigurationPlatforms) = postSolution
		{66240BBA-ABC7-4D69-9346-A20740951502}.Debug|Any CPU.ActiveCfg = Debug|Any CPU
		{66240BBA-ABC7-4D69-9346-A20740951502}.Debug|Any CPU.Build.0 = Debug|Any CPU
		{66240BBA-ABC7-4D69-9346-A20740951502}.Release|Any CPU.ActiveCfg = Release|Any CPU
		{66240BBA-ABC7-4D69-9346-A20740951502}.Release|Any CPU.Build.0 = Release|Any CPU
	EndGlobalSection
	GlobalSection(SolutionProperties) = preSolution
		HideSolutionNode = FALSE
	EndGlobalSection
	GlobalSection(ExtensibilityGlobals) = postSolution
		SolutionGuid = {B1AD3C92-C5F8-4BC7-A64A-45F8ACA3CA3C}
	EndGlobalSection
EndGlobal
